
Microsoft Visual Studio Solution File, Format Version 12.00
# Visual Studio Version 16
VisualStudioVersion = 16.0.810.22
MinimumVisualStudioVersion = 10.0.40219.1
Project("{FAE04EC0-301F-11D3-BF4B-00C04F79EFBC}") = "SelectionStatement", "SelectionStatement\SelectionStatement.csproj", "{5BF61A57-7151-4C2C-B20A-727F0E9B104D}"
EndProject
Global
	GlobalSection(SolutionConfigurationPlatforms) = preSolution
		Debug|Any CPU = Debug|Any CPU
		Release|Any CPU = Release|Any CPU
	EndGlobalSection
	GlobalSection(ProjectConfigurationPlatforms) = postSolution
		{5BF61A57-7151-4C2C-B20A-727F0E9B104D}.Debug|Any CPU.ActiveCfg = Debug|Any CPU
		{5BF61A57-7151-4C2C-B20A-727F0E9B104D}.Debug|Any CPU.Build.0 = Debug|Any CPU
		{5BF61A57-7151-4C2C-B20A-727F0E9B104D}.Release|Any CPU.ActiveCfg = Release|Any CPU
		{5BF61A57-7151-4C2C-B20A-727F0E9B104D}.Release|Any CPU.Build.0 = Release|Any CPU
	EndGlobalSection
	GlobalSection(SolutionProperties) = preSolution
		HideSolutionNode = FALSE
	EndGlobalSection
	GlobalSection(ExtensibilityGlobals) = postSolution
		SolutionGuid = {D44420A5-D651-440B-9FE0-045827F14FE3}
	EndGlobalSection
EndGlobal
